
Microsoft Visual Studio Solution File, Format Version 12.00
# Visual Studio Version 16
VisualStudioVersion = 16.0.34407.143
MinimumVisualStudioVersion = 10.0.40219.1
Project("{FAE04EC0-301F-11D3-BF4B-00C04F79EFBC}") = "PORTALES", "PORTALES.csproj", "{668FCF98-4A1D-40CA-83BC-5CD9C1EF5AD1}"
EndProject
Global
	GlobalSection(SolutionConfigurationPlatforms) = preSolution
		Debug|Any CPU = Debug|Any CPU
		Release|Any CPU = Release|Any CPU
	EndGlobalSection
	GlobalSection(ProjectConfigurationPlatforms) = postSolution
		{668FCF98-4A1D-40CA-83BC-5CD9C1EF5AD1}.Debug|Any CPU.ActiveCfg = Debug|Any CPU
		{668FCF98-4A1D-40CA-83BC-5CD9C1EF5AD1}.Debug|Any CPU.Build.0 = Debug|Any CPU
		{668FCF98-4A1D-40CA-83BC-5CD9C1EF5AD1}.Release|Any CPU.ActiveCfg = Release|Any CPU
		{668FCF98-4A1D-40CA-83BC-5CD9C1EF5AD1}.Release|Any CPU.Build.0 = Release|Any CPU
	EndGlobalSection
	GlobalSection(SolutionProperties) = preSolution
		HideSolutionNode = FALSE
	EndGlobalSection
	GlobalSection(ExtensibilityGlobals) = postSolution
		SolutionGuid = {02BBAC38-932F-4BA4-9268-617CAA967027}
	EndGlobalSection
EndGlobal
